// !$*UTF8*$!
{
	archiveVersion = 1;
	classes = {
	};
	objectVersion = 56;
	objects = {

/* Begin PBXBuildFile section */
		C5B7C70029927F37007F523E /* ImageView.swift in Sources */ = {isa = PBXBuildFile; fileRef = C5B7C6FF29927F37007F523E /* ImageView.swift */; };
		C5B7C70229927F70007F523E /* IsFavouriteView.swift in Sources */ = {isa = PBXBuildFile; fileRef = C5B7C70129927F70007F523E /* IsFavouriteView.swift */; };
		C5E298AF298D8A7C0057FFF9 /* SwiftUICombineLibraryApp.swift in Sources */ = {isa = PBXBuildFile; fileRef = C5E298AE298D8A7C0057FFF9 /* SwiftUICombineLibraryApp.swift */; };
		C5E298B1298D8A7C0057FFF9 /* MainView.swift in Sources */ = {isa = PBXBuildFile; fileRef = C5E298B0298D8A7C0057FFF9 /* MainView.swift */; };
		C5E298B3298D8A960057FFF9 /* Assets.xcassets in Resources */ = {isa = PBXBuildFile; fileRef = C5E298B2298D8A960057FFF9 /* Assets.xcassets */; };
		C5E298B6298D8A960057FFF9 /* Preview Assets.xcassets in Resources */ = {isa = PBXBuildFile; fileRef = C5E298B5298D8A960057FFF9 /* Preview Assets.xcassets */; };
		C5E298BE298D8B5D0057FFF9 /* APIError.swift in Sources */ = {isa = PBXBuildFile; fileRef = C5E298BD298D8B5D0057FFF9 /* APIError.swift */; };
		C5E298C0298D8BA60057FFF9 /* APIService.swift in Sources */ = {isa = PBXBuildFile; fileRef = C5E298BF298D8BA60057FFF9 /* APIService.swift */; };
		C5E298C4298D8C280057FFF9 /* SwiftUICombineLibraryModel.xcdatamodeld in Sources */ = {isa = PBXBuildFile; fileRef = C5E298C2298D8C280057FFF9 /* SwiftUICombineLibraryModel.xcdatamodeld */; };
		C5E298C6298D8DF00057FFF9 /* OpenLibrarySearchResult.swift in Sources */ = {isa = PBXBuildFile; fileRef = C5E298C5298D8DF00057FFF9 /* OpenLibrarySearchResult.swift */; };
		C5E298C9298D91000057FFF9 /* AppConfiguration.swift in Sources */ = {isa = PBXBuildFile; fileRef = C5E298C8298D91000057FFF9 /* AppConfiguration.swift */; };
		C5E298CB298D922F0057FFF9 /* PersistenceController.swift in Sources */ = {isa = PBXBuildFile; fileRef = C5E298CA298D922F0057FFF9 /* PersistenceController.swift */; };
		C5E298CE298D94D40057FFF9 /* String+Extension.swift in Sources */ = {isa = PBXBuildFile; fileRef = C5E298CD298D94D40057FFF9 /* String+Extension.swift */; };
		C5E298D2298D99100057FFF9 /* APIRequestViewModel.swift in Sources */ = {isa = PBXBuildFile; fileRef = C5E298D1298D99100057FFF9 /* APIRequestViewModel.swift */; };
		C5E298D4298D99280057FFF9 /* Requestable.swift in Sources */ = {isa = PBXBuildFile; fileRef = C5E298D3298D99280057FFF9 /* Requestable.swift */; };
		C5E298D7298D9AFD0057FFF9 /* RequestableView.swift in Sources */ = {isa = PBXBuildFile; fileRef = C5E298D6298D9AFD0057FFF9 /* RequestableView.swift */; };
		C5E298D9298D9B420057FFF9 /* HList.swift in Sources */ = {isa = PBXBuildFile; fileRef = C5E298D8298D9B420057FFF9 /* HList.swift */; };
		C5E298DB298D9CAB0057FFF9 /* DashboardView.swift in Sources */ = {isa = PBXBuildFile; fileRef = C5E298DA298D9CAB0057FFF9 /* DashboardView.swift */; };
		C5E298DD298D9DCD0057FFF9 /* SearchView.swift in Sources */ = {isa = PBXBuildFile; fileRef = C5E298DC298D9DCD0057FFF9 /* SearchView.swift */; };
		C5E298DF298D9DED0057FFF9 /* FavouriteView.swift in Sources */ = {isa = PBXBuildFile; fileRef = C5E298DE298D9DED0057FFF9 /* FavouriteView.swift */; };
		C5F105EC298DAACE00AD8DDF /* BookSimpleView.swift in Sources */ = {isa = PBXBuildFile; fileRef = C5F105EB298DAACE00AD8DDF /* BookSimpleView.swift */; };
		C5F105EE298DAB0700AD8DDF /* BookDetailView.swift in Sources */ = {isa = PBXBuildFile; fileRef = C5F105ED298DAB0700AD8DDF /* BookDetailView.swift */; };
		C5F105F0298DAD2900AD8DDF /* BookAdvancedView.swift in Sources */ = {isa = PBXBuildFile; fileRef = C5F105EF298DAD2900AD8DDF /* BookAdvancedView.swift */; };
/* End PBXBuildFile section */

/* Begin PBXFileReference section */
		C5B7C6FF29927F37007F523E /* ImageView.swift */ = {isa = PBXFileReference; lastKnownFileType = sourcecode.swift; path = ImageView.swift; sourceTree = "<group>"; };
		C5B7C70129927F70007F523E /* IsFavouriteView.swift */ = {isa = PBXFileReference; lastKnownFileType = sourcecode.swift; path = IsFavouriteView.swift; sourceTree = "<group>"; };
		C5E298AB298D8A7C0057FFF9 /* SwiftUICombineLibrary.app */ = {isa = PBXFileReference; explicitFileType = wrapper.application; includeInIndex = 0; path = SwiftUICombineLibrary.app; sourceTree = BUILT_PRODUCTS_DIR; };
		C5E298AE298D8A7C0057FFF9 /* SwiftUICombineLibraryApp.swift */ = {isa = PBXFileReference; lastKnownFileType = sourcecode.swift; path = SwiftUICombineLibraryApp.swift; sourceTree = "<group>"; };
		C5E298B0298D8A7C0057FFF9 /* MainView.swift */ = {isa = PBXFileReference; lastKnownFileType = sourcecode.swift; path = MainView.swift; sourceTree = "<group>"; };
		C5E298B2298D8A960057FFF9 /* Assets.xcassets */ = {isa = PBXFileReference; lastKnownFileType = folder.assetcatalog; path = Assets.xcassets; sourceTree = "<group>"; };
		C5E298B5298D8A960057FFF9 /* Preview Assets.xcassets */ = {isa = PBXFileReference; lastKnownFileType = folder.assetcatalog; path = "Preview Assets.xcassets"; sourceTree = "<group>"; };
		C5E298BD298D8B5D0057FFF9 /* APIError.swift */ = {isa = PBXFileReference; lastKnownFileType = sourcecode.swift; path = APIError.swift; sourceTree = "<group>"; };
		C5E298BF298D8BA60057FFF9 /* APIService.swift */ = {isa = PBXFileReference; lastKnownFileType = sourcecode.swift; path = APIService.swift; sourceTree = "<group>"; };
		C5E298C3298D8C280057FFF9 /* SwiftUICombineLibraryModel.xcdatamodel */ = {isa = PBXFileReference; lastKnownFileType = wrapper.xcdatamodel; path = SwiftUICombineLibraryModel.xcdatamodel; sourceTree = "<group>"; };
		C5E298C5298D8DF00057FFF9 /* OpenLibrarySearchResult.swift */ = {isa = PBXFileReference; lastKnownFileType = sourcecode.swift; path = OpenLibrarySearchResult.swift; sourceTree = "<group>"; };
		C5E298C8298D91000057FFF9 /* AppConfiguration.swift */ = {isa = PBXFileReference; lastKnownFileType = sourcecode.swift; path = AppConfiguration.swift; sourceTree = "<group>"; };
		C5E298CA298D922F0057FFF9 /* PersistenceController.swift */ = {isa = PBXFileReference; lastKnownFileType = sourcecode.swift; path = PersistenceController.swift; sourceTree = "<group>"; };
		C5E298CD298D94D40057FFF9 /* String+Extension.swift */ = {isa = PBXFileReference; lastKnownFileType = sourcecode.swift; path = "String+Extension.swift"; sourceTree = "<group>"; };
		C5E298D1298D99100057FFF9 /* APIRequestViewModel.swift */ = {isa = PBXFileReference; lastKnownFileType = sourcecode.swift; path = APIRequestViewModel.swift; sourceTree = "<group>"; };
		C5E298D3298D99280057FFF9 /* Requestable.swift */ = {isa = PBXFileReference; lastKnownFileType = sourcecode.swift; path = Requestable.swift; sourceTree = "<group>"; };
		C5E298D6298D9AFD0057FFF9 /* RequestableView.swift */ = {isa = PBXFileReference; lastKnownFileType = sourcecode.swift; path = RequestableView.swift; sourceTree = "<group>"; };
		C5E298D8298D9B420057FFF9 /* HList.swift */ = {isa = PBXFileReference; lastKnownFileType = sourcecode.swift; path = HList.swift; sourceTree = "<group>"; };
		C5E298DA298D9CAB0057FFF9 /* DashboardView.swift */ = {isa = PBXFileReference; lastKnownFileType = sourcecode.swift; path = DashboardView.swift; sourceTree = "<group>"; };
		C5E298DC298D9DCD0057FFF9 /* SearchView.swift */ = {isa = PBXFileReference; lastKnownFileType = sourcecode.swift; path = SearchView.swift; sourceTree = "<group>"; };
		C5E298DE298D9DED0057FFF9 /* FavouriteView.swift */ = {isa = PBXFileReference; lastKnownFileType = sourcecode.swift; path = FavouriteView.swift; sourceTree = "<group>"; };
		C5F105EB298DAACE00AD8DDF /* BookSimpleView.swift */ = {isa = PBXFileReference; lastKnownFileType = sourcecode.swift; path = BookSimpleView.swift; sourceTree = "<group>"; };
		C5F105ED298DAB0700AD8DDF /* BookDetailView.swift */ = {isa = PBXFileReference; lastKnownFileType = sourcecode.swift; path = BookDetailView.swift; sourceTree = "<group>"; };
		C5F105EF298DAD2900AD8DDF /* BookAdvancedView.swift */ = {isa = PBXFileReference; lastKnownFileType = sourcecode.swift; path = BookAdvancedView.swift; sourceTree = "<group>"; };
/* End PBXFileReference section */

/* Begin PBXFrameworksBuildPhase section */
		C5E298A8298D8A7C0057FFF9 /* Frameworks */ = {
			isa = PBXFrameworksBuildPhase;
			buildActionMask = 2147483647;
			files = (
			);
			runOnlyForDeploymentPostprocessing = 0;
		};
/* End PBXFrameworksBuildPhase section */

/* Begin PBXGroup section */
		C5B7C6FE29927EEF007F523E /* Book */ = {
			isa = PBXGroup;
			children = (
				C5F105EB298DAACE00AD8DDF /* BookSimpleView.swift */,
				C5F105EF298DAD2900AD8DDF /* BookAdvancedView.swift */,
				C5F105ED298DAB0700AD8DDF /* BookDetailView.swift */,
				C5B7C70129927F70007F523E /* IsFavouriteView.swift */,
			);
			path = Book;
			sourceTree = "<group>";
		};
		C5B7C7032992B83C007F523E /* Resources */ = {
			isa = PBXGroup;
			children = (
				C5E298B2298D8A960057FFF9 /* Assets.xcassets */,
			);
			path = Resources;
			sourceTree = "<group>";
		};
		C5E298A2298D8A7B0057FFF9 = {
			isa = PBXGroup;
			children = (
				C5E298AD298D8A7C0057FFF9 /* SwiftUICombineLibrary */,
				C5E298AC298D8A7C0057FFF9 /* Products */,
			);
			sourceTree = "<group>";
		};
		C5E298AC298D8A7C0057FFF9 /* Products */ = {
			isa = PBXGroup;
			children = (
				C5E298AB298D8A7C0057FFF9 /* SwiftUICombineLibrary.app */,
			);
			name = Products;
			sourceTree = "<group>";
		};
		C5E298AD298D8A7C0057FFF9 /* SwiftUICombineLibrary */ = {
			isa = PBXGroup;
			children = (
				C5E298C7298D90EE0057FFF9 /* App */,
				C5E298BC298D8B3F0057FFF9 /* API */,
				C5E298C1298D8BDA0057FFF9 /* Models */,
				C5E298CF298D970E0057FFF9 /* Views */,
				C5E298D0298D98F80057FFF9 /* ViewModels */,
				C5E298CC298D94A00057FFF9 /* Extensions */,
				C5B7C7032992B83C007F523E /* Resources */,
				C5E298B4298D8A960057FFF9 /* Preview Content */,
			);
			path = SwiftUICombineLibrary;
			sourceTree = "<group>";
		};
		C5E298B4298D8A960057FFF9 /* Preview Content */ = {
			isa = PBXGroup;
			children = (
				C5E298B5298D8A960057FFF9 /* Preview Assets.xcassets */,
			);
			path = "Preview Content";
			sourceTree = "<group>";
		};
		C5E298BC298D8B3F0057FFF9 /* API */ = {
			isa = PBXGroup;
			children = (
				C5E298BD298D8B5D0057FFF9 /* APIError.swift */,
				C5E298BF298D8BA60057FFF9 /* APIService.swift */,
			);
			path = API;
			sourceTree = "<group>";
		};
		C5E298C1298D8BDA0057FFF9 /* Models */ = {
			isa = PBXGroup;
			children = (
				C5E298C2298D8C280057FFF9 /* SwiftUICombineLibraryModel.xcdatamodeld */,
				C5E298CA298D922F0057FFF9 /* PersistenceController.swift */,
				C5E298C5298D8DF00057FFF9 /* OpenLibrarySearchResult.swift */,
			);
			path = Models;
			sourceTree = "<group>";
		};
		C5E298C7298D90EE0057FFF9 /* App */ = {
			isa = PBXGroup;
			children = (
				C5E298AE298D8A7C0057FFF9 /* SwiftUICombineLibraryApp.swift */,
				C5E298C8298D91000057FFF9 /* AppConfiguration.swift */,
			);
			path = App;
			sourceTree = "<group>";
		};
		C5E298CC298D94A00057FFF9 /* Extensions */ = {
			isa = PBXGroup;
			children = (
				C5E298CD298D94D40057FFF9 /* String+Extension.swift */,
			);
			path = Extensions;
			sourceTree = "<group>";
		};
		C5E298CF298D970E0057FFF9 /* Views */ = {
			isa = PBXGroup;
			children = (
				C5E298D5298D9AEF0057FFF9 /* Common */,
				C5B7C6FE29927EEF007F523E /* Book */,
				C5E298B0298D8A7C0057FFF9 /* MainView.swift */,
				C5E298DA298D9CAB0057FFF9 /* DashboardView.swift */,
				C5E298DC298D9DCD0057FFF9 /* SearchView.swift */,
				C5E298DE298D9DED0057FFF9 /* FavouriteView.swift */,
			);
			path = Views;
			sourceTree = "<group>";
		};
		C5E298D0298D98F80057FFF9 /* ViewModels */ = {
			isa = PBXGroup;
			children = (
				C5E298D3298D99280057FFF9 /* Requestable.swift */,
				C5E298D1298D99100057FFF9 /* APIRequestViewModel.swift */,
			);
			path = ViewModels;
			sourceTree = "<group>";
		};
		C5E298D5298D9AEF0057FFF9 /* Common */ = {
			isa = PBXGroup;
			children = (
				C5E298D6298D9AFD0057FFF9 /* RequestableView.swift */,
				C5E298D8298D9B420057FFF9 /* HList.swift */,
				C5B7C6FF29927F37007F523E /* ImageView.swift */,
			);
			path = Common;
			sourceTree = "<group>";
		};
/* End PBXGroup section */

/* Begin PBXNativeTarget section */
		C5E298AA298D8A7C0057FFF9 /* SwiftUICombineLibrary */ = {
			isa = PBXNativeTarget;
			buildConfigurationList = C5E298B9298D8A960057FFF9 /* Build configuration list for PBXNativeTarget "SwiftUICombineLibrary" */;
			buildPhases = (
				C5E298A7298D8A7C0057FFF9 /* Sources */,
				C5E298A8298D8A7C0057FFF9 /* Frameworks */,
				C5E298A9298D8A7C0057FFF9 /* Resources */,
			);
			buildRules = (
			);
			dependencies = (
			);
			name = SwiftUICombineLibrary;
			productName = SwiftUICombineLibrary;
			productReference = C5E298AB298D8A7C0057FFF9 /* SwiftUICombineLibrary.app */;
			productType = "com.apple.product-type.application";
		};
/* End PBXNativeTarget section */

/* Begin PBXProject section */
		C5E298A3298D8A7B0057FFF9 /* Project object */ = {
			isa = PBXProject;
			attributes = {
				BuildIndependentTargetsInParallel = 1;
				LastSwiftUpdateCheck = 1420;
				LastUpgradeCheck = 1420;
				TargetAttributes = {
					C5E298AA298D8A7C0057FFF9 = {
						CreatedOnToolsVersion = 14.2;
					};
				};
			};
			buildConfigurationList = C5E298A6298D8A7B0057FFF9 /* Build configuration list for PBXProject "SwiftUICombineLibrary" */;
			compatibilityVersion = "Xcode 14.0";
			developmentRegion = en;
			hasScannedForEncodings = 0;
			knownRegions = (
				en,
				Base,
			);
			mainGroup = C5E298A2298D8A7B0057FFF9;
			productRefGroup = C5E298AC298D8A7C0057FFF9 /* Products */;
			projectDirPath = "";
			projectRoot = "";
			targets = (
				C5E298AA298D8A7C0057FFF9 /* SwiftUICombineLibrary */,
			);
		};
/* End PBXProject section */

/* Begin PBXResourcesBuildPhase section */
		C5E298A9298D8A7C0057FFF9 /* Resources */ = {
			isa = PBXResourcesBuildPhase;
			buildActionMask = 2147483647;
			files = (
				C5E298B6298D8A960057FFF9 /* Preview Assets.xcassets in Resources */,
				C5E298B3298D8A960057FFF9 /* Assets.xcassets in Resources */,
			);
			runOnlyForDeploymentPostprocessing = 0;
		};
/* End PBXResourcesBuildPhase section */

/* Begin PBXSourcesBuildPhase section */
		C5E298A7298D8A7C0057FFF9 /* Sources */ = {
			isa = PBXSourcesBuildPhase;
			buildActionMask = 2147483647;
			files = (
				C5E298C6298D8DF00057FFF9 /* OpenLibrarySearchResult.swift in Sources */,
				C5E298CE298D94D40057FFF9 /* String+Extension.swift in Sources */,
				C5E298B1298D8A7C0057FFF9 /* MainView.swift in Sources */,
				C5E298DB298D9CAB0057FFF9 /* DashboardView.swift in Sources */,
				C5B7C70229927F70007F523E /* IsFavouriteView.swift in Sources */,
				C5F105EE298DAB0700AD8DDF /* BookDetailView.swift in Sources */,
				C5E298AF298D8A7C0057FFF9 /* SwiftUICombineLibraryApp.swift in Sources */,
				C5E298C4298D8C280057FFF9 /* SwiftUICombineLibraryModel.xcdatamodeld in Sources */,
				C5E298C0298D8BA60057FFF9 /* APIService.swift in Sources */,
				C5E298C9298D91000057FFF9 /* AppConfiguration.swift in Sources */,
				C5E298D2298D99100057FFF9 /* APIRequestViewModel.swift in Sources */,
				C5E298D7298D9AFD0057FFF9 /* RequestableView.swift in Sources */,
				C5B7C70029927F37007F523E /* ImageView.swift in Sources */,
				C5E298DD298D9DCD0057FFF9 /* SearchView.swift in Sources */,
				C5E298BE298D8B5D0057FFF9 /* APIError.swift in Sources */,
				C5E298D9298D9B420057FFF9 /* HList.swift in Sources */,
				C5E298D4298D99280057FFF9 /* Requestable.swift in Sources */,
				C5E298DF298D9DED0057FFF9 /* FavouriteView.swift in Sources */,
				C5E298CB298D922F0057FFF9 /* PersistenceController.swift in Sources */,
				C5F105F0298DAD2900AD8DDF /* BookAdvancedView.swift in Sources */,
				C5F105EC298DAACE00AD8DDF /* BookSimpleView.swift in Sources */,
			);
			runOnlyForDeploymentPostprocessing = 0;
		};
/* End PBXSourcesBuildPhase section */

/* Begin XCBuildConfiguration section */
		C5E298B7298D8A960057FFF9 /* Debug */ = {
			isa = XCBuildConfiguration;
			buildSettings = {
				ALWAYS_SEARCH_USER_PATHS = NO;
				CLANG_ANALYZER_NONNULL = YES;
				CLANG_ANALYZER_NUMBER_OBJECT_CONVERSION = YES_AGGRESSIVE;
				CLANG_CXX_LANGUAGE_STANDARD = "gnu++20";
				CLANG_ENABLE_MODULES = YES;
				CLANG_ENABLE_OBJC_ARC = YES;
				CLANG_ENABLE_OBJC_WEAK = YES;
				CLANG_WARN_BLOCK_CAPTURE_AUTORELEASING = YES;
				CLANG_WARN_BOOL_CONVERSION = YES;
				CLANG_WARN_COMMA = YES;
				CLANG_WARN_CONSTANT_CONVERSION = YES;
				CLANG_WARN_DEPRECATED_OBJC_IMPLEMENTATIONS = YES;
				CLANG_WARN_DIRECT_OBJC_ISA_USAGE = YES_ERROR;
				CLANG_WARN_DOCUMENTATION_COMMENTS = YES;
				CLANG_WARN_EMPTY_BODY = YES;
				CLANG_WARN_ENUM_CONVERSION = YES;
				CLANG_WARN_INFINITE_RECURSION = YES;
				CLANG_WARN_INT_CONVERSION = YES;
				CLANG_WARN_NON_LITERAL_NULL_CONVERSION = YES;
				CLANG_WARN_OBJC_IMPLICIT_RETAIN_SELF = YES;
				CLANG_WARN_OBJC_LITERAL_CONVERSION = YES;
				CLANG_WARN_OBJC_ROOT_CLASS = YES_ERROR;
				CLANG_WARN_QUOTED_INCLUDE_IN_FRAMEWORK_HEADER = YES;
				CLANG_WARN_RANGE_LOOP_ANALYSIS = YES;
				CLANG_WARN_STRICT_PROTOTYPES = YES;
				CLANG_WARN_SUSPICIOUS_MOVE = YES;
				CLANG_WARN_UNGUARDED_AVAILABILITY = YES_AGGRESSIVE;
				CLANG_WARN_UNREACHABLE_CODE = YES;
				CLANG_WARN__DUPLICATE_METHOD_MATCH = YES;
				COPY_PHASE_STRIP = NO;
				DEBUG_INFORMATION_FORMAT = dwarf;
				ENABLE_STRICT_OBJC_MSGSEND = YES;
				ENABLE_TESTABILITY = YES;
				GCC_C_LANGUAGE_STANDARD = gnu11;
				GCC_DYNAMIC_NO_PIC = NO;
				GCC_NO_COMMON_BLOCKS = YES;
				GCC_OPTIMIZATION_LEVEL = 0;
				GCC_PREPROCESSOR_DEFINITIONS = (
					"DEBUG=1",
					"$(inherited)",
				);
				GCC_WARN_64_TO_32_BIT_CONVERSION = YES;
				GCC_WARN_ABOUT_RETURN_TYPE = YES_ERROR;
				GCC_WARN_UNDECLARED_SELECTOR = YES;
				GCC_WARN_UNINITIALIZED_AUTOS = YES_AGGRESSIVE;
				GCC_WARN_UNUSED_FUNCTION = YES;
				GCC_WARN_UNUSED_VARIABLE = YES;
				IPHONEOS_DEPLOYMENT_TARGET = 16.2;
				MTL_ENABLE_DEBUG_INFO = INCLUDE_SOURCE;
				MTL_FAST_MATH = YES;
				ONLY_ACTIVE_ARCH = YES;
				SDKROOT = iphoneos;
				SWIFT_ACTIVE_COMPILATION_CONDITIONS = DEBUG;
				SWIFT_OPTIMIZATION_LEVEL = "-Onone";
			};
			name = Debug;
		};
		C5E298B8298D8A960057FFF9 /* Release */ = {
			isa = XCBuildConfiguration;
			buildSettings = {
				ALWAYS_SEARCH_USER_PATHS = NO;
				CLANG_ANALYZER_NONNULL = YES;
				CLANG_ANALYZER_NUMBER_OBJECT_CONVERSION = YES_AGGRESSIVE;
				CLANG_CXX_LANGUAGE_STANDARD = "gnu++20";
				CLANG_ENABLE_MODULES = YES;
				CLANG_ENABLE_OBJC_ARC = YES;
				CLANG_ENABLE_OBJC_WEAK = YES;
				CLANG_WARN_BLOCK_CAPTURE_AUTORELEASING = YES;
				CLANG_WARN_BOOL_CONVERSION = YES;
				CLANG_WARN_COMMA = YES;
				CLANG_WARN_CONSTANT_CONVERSION = YES;
				CLANG_WARN_DEPRECATED_OBJC_IMPLEMENTATIONS = YES;
				CLANG_WARN_DIRECT_OBJC_ISA_USAGE = YES_ERROR;
				CLANG_WARN_DOCUMENTATION_COMMENTS = YES;
				CLANG_WARN_EMPTY_BODY = YES;
				CLANG_WARN_ENUM_CONVERSION = YES;
				CLANG_WARN_INFINITE_RECURSION = YES;
				CLANG_WARN_INT_CONVERSION = YES;
				CLANG_WARN_NON_LITERAL_NULL_CONVERSION = YES;
				CLANG_WARN_OBJC_IMPLICIT_RETAIN_SELF = YES;
				CLANG_WARN_OBJC_LITERAL_CONVERSION = YES;
				CLANG_WARN_OBJC_ROOT_CLASS = YES_ERROR;
				CLANG_WARN_QUOTED_INCLUDE_IN_FRAMEWORK_HEADER = YES;
				CLANG_WARN_RANGE_LOOP_ANALYSIS = YES;
				CLANG_WARN_STRICT_PROTOTYPES = YES;
				CLANG_WARN_SUSPICIOUS_MOVE = YES;
				CLANG_WARN_UNGUARDED_AVAILABILITY = YES_AGGRESSIVE;
				CLANG_WARN_UNREACHABLE_CODE = YES;
				CLANG_WARN__DUPLICATE_METHOD_MATCH = YES;
				COPY_PHASE_STRIP = NO;
				DEBUG_INFORMATION_FORMAT = "dwarf-with-dsym";
				ENABLE_NS_ASSERTIONS = NO;
				ENABLE_STRICT_OBJC_MSGSEND = YES;
				GCC_C_LANGUAGE_STANDARD = gnu11;
				GCC_NO_COMMON_BLOCKS = YES;
				GCC_WARN_64_TO_32_BIT_CONVERSION = YES;
				GCC_WARN_ABOUT_RETURN_TYPE = YES_ERROR;
				GCC_WARN_UNDECLARED_SELECTOR = YES;
				GCC_WARN_UNINITIALIZED_AUTOS = YES_AGGRESSIVE;
				GCC_WARN_UNUSED_FUNCTION = YES;
				GCC_WARN_UNUSED_VARIABLE = YES;
				IPHONEOS_DEPLOYMENT_TARGET = 16.2;
				MTL_ENABLE_DEBUG_INFO = NO;
				MTL_FAST_MATH = YES;
				SDKROOT = iphoneos;
				SWIFT_COMPILATION_MODE = wholemodule;
				SWIFT_OPTIMIZATION_LEVEL = "-O";
				VALIDATE_PRODUCT = YES;
			};
			name = Release;
		};
		C5E298BA298D8A960057FFF9 /* Debug */ = {
			isa = XCBuildConfiguration;
			buildSettings = {
				ASSETCATALOG_COMPILER_APPICON_NAME = AppIcon;
				ASSETCATALOG_COMPILER_GLOBAL_ACCENT_COLOR_NAME = AccentColor;
				CODE_SIGN_STYLE = Automatic;
				CURRENT_PROJECT_VERSION = 1;
				DEVELOPMENT_ASSET_PATHS = "\"SwiftUICombineLibrary/Preview Content\"";
				ENABLE_PREVIEWS = YES;
				GENERATE_INFOPLIST_FILE = YES;
				INFOPLIST_KEY_UIApplicationSceneManifest_Generation = YES;
				INFOPLIST_KEY_UIApplicationSupportsIndirectInputEvents = YES;
				INFOPLIST_KEY_UILaunchScreen_Generation = YES;
				INFOPLIST_KEY_UISupportedInterfaceOrientations_iPad = "UIInterfaceOrientationPortrait UIInterfaceOrientationPortraitUpsideDown UIInterfaceOrientationLandscapeLeft UIInterfaceOrientationLandscapeRight";
				INFOPLIST_KEY_UISupportedInterfaceOrientations_iPhone = "UIInterfaceOrientationPortrait UIInterfaceOrientationLandscapeLeft UIInterfaceOrientationLandscapeRight";
				LD_RUNPATH_SEARCH_PATHS = (
					"$(inherited)",
					"@executable_path/Frameworks",
				);
				MARKETING_VERSION = 1.0;
				PRODUCT_BUNDLE_IDENTIFIER = com.goro.SwiftUICombineLibrary;
				PRODUCT_NAME = "$(TARGET_NAME)";
				SWIFT_EMIT_LOC_STRINGS = YES;
				SWIFT_VERSION = 5.0;
				TARGETED_DEVICE_FAMILY = "1,2";
			};
			name = Debug;
		};
		C5E298BB298D8A960057FFF9 /* Release */ = {
			isa = XCBuildConfiguration;
			buildSettings = {
				ASSETCATALOG_COMPILER_APPICON_NAME = AppIcon;
				ASSETCATALOG_COMPILER_GLOBAL_ACCENT_COLOR_NAME = AccentColor;
				CODE_SIGN_STYLE = Automatic;
				CURRENT_PROJECT_VERSION = 1;
				DEVELOPMENT_ASSET_PATHS = "\"SwiftUICombineLibrary/Preview Content\"";
				ENABLE_PREVIEWS = YES;
				GENERATE_INFOPLIST_FILE = YES;
				INFOPLIST_KEY_UIApplicationSceneManifest_Generation = YES;
				INFOPLIST_KEY_UIApplicationSupportsIndirectInputEvents = YES;
				INFOPLIST_KEY_UILaunchScreen_Generation = YES;
				INFOPLIST_KEY_UISupportedInterfaceOrientations_iPad = "UIInterfaceOrientationPortrait UIInterfaceOrientationPortraitUpsideDown UIInterfaceOrientationLandscapeLeft UIInterfaceOrientationLandscapeRight";
				INFOPLIST_KEY_UISupportedInterfaceOrientations_iPhone = "UIInterfaceOrientationPortrait UIInterfaceOrientationLandscapeLeft UIInterfaceOrientationLandscapeRight";
				LD_RUNPATH_SEARCH_PATHS = (
					"$(inherited)",
					"@executable_path/Frameworks",
				);
				MARKETING_VERSION = 1.0;
				PRODUCT_BUNDLE_IDENTIFIER = com.goro.SwiftUICombineLibrary;
				PRODUCT_NAME = "$(TARGET_NAME)";
				SWIFT_EMIT_LOC_STRINGS = YES;
				SWIFT_VERSION = 5.0;
				TARGETED_DEVICE_FAMILY = "1,2";
			};
			name = Release;
		};
/* End XCBuildConfiguration section */

/* Begin XCConfigurationList section */
		C5E298A6298D8A7B0057FFF9 /* Build configuration list for PBXProject "SwiftUICombineLibrary" */ = {
			isa = XCConfigurationList;
			buildConfigurations = (
				C5E298B7298D8A960057FFF9 /* Debug */,
				C5E298B8298D8A960057FFF9 /* Release */,
			);
			defaultConfigurationIsVisible = 0;
			defaultConfigurationName = Release;
		};
		C5E298B9298D8A960057FFF9 /* Build configuration list for PBXNativeTarget "SwiftUICombineLibrary" */ = {
			isa = XCConfigurationList;
			buildConfigurations = (
				C5E298BA298D8A960057FFF9 /* Debug */,
				C5E298BB298D8A960057FFF9 /* Release */,
			);
			defaultConfigurationIsVisible = 0;
			defaultConfigurationName = Release;
		};
/* End XCConfigurationList section */

/* Begin XCVersionGroup section */
		C5E298C2298D8C280057FFF9 /* SwiftUICombineLibraryModel.xcdatamodeld */ = {
			isa = XCVersionGroup;
			children = (
				C5E298C3298D8C280057FFF9 /* SwiftUICombineLibraryModel.xcdatamodel */,
			);
			currentVersion = C5E298C3298D8C280057FFF9 /* SwiftUICombineLibraryModel.xcdatamodel */;
			path = SwiftUICombineLibraryModel.xcdatamodeld;
			sourceTree = "<group>";
			versionGroupType = wrapper.xcdatamodel;
		};
/* End XCVersionGroup section */
	};
	rootObject = C5E298A3298D8A7B0057FFF9 /* Project object */;
}
